
Microsoft Visual Studio Solution File, Format Version 12.00
# Visual Studio Version 17
VisualStudioVersion = 17.9.34607.119
MinimumVisualStudioVersion = 10.0.40219.1
Project("{9A19103F-16F7-4668-BE54-9A1E7A4F7556}") = "Intro and Basic Syntax", "Intro and Basic Syntax\Intro and Basic Syntax.csproj", "{2C8E5897-1F20-4D38-A113-6AD0EE10A7F5}"
EndProject
Project("{9A19103F-16F7-4668-BE54-9A1E7A4F7556}") = "Divison", "Division\Divison.csproj", "{58289C53-D787-4CAC-8BAE-831CB762DA2D}"
EndProject
Project("{9A19103F-16F7-4668-BE54-9A1E7A4F7556}") = "Vacation", "Vacation\Vacation.csproj", "{4F312E4C-7D2B-49CB-AA0C-729C10FAA41B}"
EndProject
Project("{9A19103F-16F7-4668-BE54-9A1E7A4F7556}") = "PrintAndSum", "PrintAndSum\PrintAndSum.csproj", "{2988B54E-11EF-454F-8285-3B060EE55C09}"
EndProject
Project("{9A19103F-16F7-4668-BE54-9A1E7A4F7556}") = "Login", "Login\Login.csproj", "{064CEB74-35CA-4A03-9BE0-03A10EB74BFE}"
EndProject
Project("{FAE04EC0-301F-11D3-BF4B-00C04F79EFBC}") = "StrongNumber", "StrongNumber\StrongNumber.csproj", "{4D244455-E637-4466-B7A0-584D678D8FE3}"
EndProject
Project("{FAE04EC0-301F-11D3-BF4B-00C04F79EFBC}") = "VendingMachine", "VendingMachine\VendingMachine.csproj", "{BB9ED235-B340-4864-8A91-D260FD06660A}"
EndProject
Project("{FAE04EC0-301F-11D3-BF4B-00C04F79EFBC}") = "TriangleOfNumbers", "TriangleOfNumbers\TriangleOfNumbers.csproj", "{C920A82A-00FB-4839-A570-842C8E908DD1}"
EndProject
Global
	GlobalSection(SolutionConfigurationPlatforms) = preSolution
		Debug|Any CPU = Debug|Any CPU
		Release|Any CPU = Release|Any CPU
	EndGlobalSection
	GlobalSection(ProjectConfigurationPlatforms) = postSolution
		{2C8E5897-1F20-4D38-A113-6AD0EE10A7F5}.Debug|Any CPU.ActiveCfg = Debug|Any CPU
		{2C8E5897-1F20-4D38-A113-6AD0EE10A7F5}.Debug|Any CPU.Build.0 = Debug|Any CPU
		{2C8E5897-1F20-4D38-A113-6AD0EE10A7F5}.Release|Any CPU.ActiveCfg = Release|Any CPU
		{2C8E5897-1F20-4D38-A113-6AD0EE10A7F5}.Release|Any CPU.Build.0 = Release|Any CPU
		{58289C53-D787-4CAC-8BAE-831CB762DA2D}.Debug|Any CPU.ActiveCfg = Debug|Any CPU
		{58289C53-D787-4CAC-8BAE-831CB762DA2D}.Debug|Any CPU.Build.0 = Debug|Any CPU
		{58289C53-D787-4CAC-8BAE-831CB762DA2D}.Release|Any CPU.ActiveCfg = Release|Any CPU
		{58289C53-D787-4CAC-8BAE-831CB762DA2D}.Release|Any CPU.Build.0 = Release|Any CPU
		{4F312E4C-7D2B-49CB-AA0C-729C10FAA41B}.Debug|Any CPU.ActiveCfg = Debug|Any CPU
		{4F312E4C-7D2B-49CB-AA0C-729C10FAA41B}.Debug|Any CPU.Build.0 = Debug|Any CPU
		{4F312E4C-7D2B-49CB-AA0C-729C10FAA41B}.Release|Any CPU.ActiveCfg = Release|Any CPU
		{4F312E4C-7D2B-49CB-AA0C-729C10FAA41B}.Release|Any CPU.Build.0 = Release|Any CPU
		{2988B54E-11EF-454F-8285-3B060EE55C09}.Debug|Any CPU.ActiveCfg = Debug|Any CPU
		{2988B54E-11EF-454F-8285-3B060EE55C09}.Debug|Any CPU.Build.0 = Debug|Any CPU
		{2988B54E-11EF-454F-8285-3B060EE55C09}.Release|Any CPU.ActiveCfg = Release|Any CPU
		{2988B54E-11EF-454F-8285-3B060EE55C09}.Release|Any CPU.Build.0 = Release|Any CPU
		{064CEB74-35CA-4A03-9BE0-03A10EB74BFE}.Debug|Any CPU.ActiveCfg = Debug|Any CPU
		{064CEB74-35CA-4A03-9BE0-03A10EB74BFE}.Debug|Any CPU.Build.0 = Debug|Any CPU
		{064CEB74-35CA-4A03-9BE0-03A10EB74BFE}.Release|Any CPU.ActiveCfg = Release|Any CPU
		{064CEB74-35CA-4A03-9BE0-03A10EB74BFE}.Release|Any CPU.Build.0 = Release|Any CPU
		{4D244455-E637-4466-B7A0-584D678D8FE3}.Debug|Any CPU.ActiveCfg = Debug|Any CPU
		{4D244455-E637-4466-B7A0-584D678D8FE3}.Debug|Any CPU.Build.0 = Debug|Any CPU
		{4D244455-E637-4466-B7A0-584D678D8FE3}.Release|Any CPU.ActiveCfg = Release|Any CPU
		{4D244455-E637-4466-B7A0-584D678D8FE3}.Release|Any CPU.Build.0 = Release|Any CPU
		{BB9ED235-B340-4864-8A91-D260FD06660A}.Debug|Any CPU.ActiveCfg = Debug|Any CPU
		{BB9ED235-B340-4864-8A91-D260FD06660A}.Debug|Any CPU.Build.0 = Debug|Any CPU
		{BB9ED235-B340-4864-8A91-D260FD06660A}.Release|Any CPU.ActiveCfg = Release|Any CPU
		{BB9ED235-B340-4864-8A91-D260FD06660A}.Release|Any CPU.Build.0 = Release|Any CPU
		{C920A82A-00FB-4839-A570-842C8E908DD1}.Debug|Any CPU.ActiveCfg = Debug|Any CPU
		{C920A82A-00FB-4839-A570-842C8E908DD1}.Debug|Any CPU.Build.0 = Debug|Any CPU
		{C920A82A-00FB-4839-A570-842C8E908DD1}.Release|Any CPU.ActiveCfg = Release|Any CPU
		{C920A82A-00FB-4839-A570-842C8E908DD1}.Release|Any CPU.Build.0 = Release|Any CPU
	EndGlobalSection
	GlobalSection(SolutionProperties) = preSolution
		HideSolutionNode = FALSE
	EndGlobalSection
	GlobalSection(ExtensibilityGlobals) = postSolution
		SolutionGuid = {EA5312AA-4C76-4DAA-BFCF-10C01B897495}
	EndGlobalSection
EndGlobal
