
Microsoft Visual Studio Solution File, Format Version 12.00
# Visual Studio Version 17
VisualStudioVersion = 17.9.34607.119
MinimumVisualStudioVersion = 10.0.40219.1
Project("{FAE04EC0-301F-11D3-BF4B-00C04F79EFBC}") = "Match Full Name", "Match Full Name\Match Full Name.csproj", "{AD14550A-C5FF-4C28-A42C-E1D375489F1B}"
EndProject
Project("{FAE04EC0-301F-11D3-BF4B-00C04F79EFBC}") = "Match Phone Number", "Match Phone Number\Match Phone Number.csproj", "{A92F2C6E-EB13-4988-98A3-1ACDB1FAED3E}"
EndProject
Project("{FAE04EC0-301F-11D3-BF4B-00C04F79EFBC}") = "Match Dates", "Match Dates\Match Dates.csproj", "{3B1D7469-B232-4FA9-B5F7-96511112E907}"
EndProject
Global
	GlobalSection(SolutionConfigurationPlatforms) = preSolution
		Debug|Any CPU = Debug|Any CPU
		Release|Any CPU = Release|Any CPU
	EndGlobalSection
	GlobalSection(ProjectConfigurationPlatforms) = postSolution
		{AD14550A-C5FF-4C28-A42C-E1D375489F1B}.Debug|Any CPU.ActiveCfg = Debug|Any CPU
		{AD14550A-C5FF-4C28-A42C-E1D375489F1B}.Debug|Any CPU.Build.0 = Debug|Any CPU
		{AD14550A-C5FF-4C28-A42C-E1D375489F1B}.Release|Any CPU.ActiveCfg = Release|Any CPU
		{AD14550A-C5FF-4C28-A42C-E1D375489F1B}.Release|Any CPU.Build.0 = Release|Any CPU
		{A92F2C6E-EB13-4988-98A3-1ACDB1FAED3E}.Debug|Any CPU.ActiveCfg = Debug|Any CPU
		{A92F2C6E-EB13-4988-98A3-1ACDB1FAED3E}.Debug|Any CPU.Build.0 = Debug|Any CPU
		{A92F2C6E-EB13-4988-98A3-1ACDB1FAED3E}.Release|Any CPU.ActiveCfg = Release|Any CPU
		{A92F2C6E-EB13-4988-98A3-1ACDB1FAED3E}.Release|Any CPU.Build.0 = Release|Any CPU
		{3B1D7469-B232-4FA9-B5F7-96511112E907}.Debug|Any CPU.ActiveCfg = Debug|Any CPU
		{3B1D7469-B232-4FA9-B5F7-96511112E907}.Debug|Any CPU.Build.0 = Debug|Any CPU
		{3B1D7469-B232-4FA9-B5F7-96511112E907}.Release|Any CPU.ActiveCfg = Release|Any CPU
		{3B1D7469-B232-4FA9-B5F7-96511112E907}.Release|Any CPU.Build.0 = Release|Any CPU
	EndGlobalSection
	GlobalSection(SolutionProperties) = preSolution
		HideSolutionNode = FALSE
	EndGlobalSection
	GlobalSection(ExtensibilityGlobals) = postSolution
		SolutionGuid = {BDE2C844-17AF-4908-A346-B795449D8C7A}
	EndGlobalSection
EndGlobal
