
Microsoft Visual Studio Solution File, Format Version 12.00
# Visual Studio Version 17
VisualStudioVersion = 17.10.35013.160
MinimumVisualStudioVersion = 10.0.40219.1
Project("{FAE04EC0-301F-11D3-BF4B-00C04F79EFBC}") = "TextProcessing", "TextProcessing\TextProcessing.csproj", "{499B2851-4E30-458F-978A-29F90610C83F}"
EndProject
Project("{FAE04EC0-301F-11D3-BF4B-00C04F79EFBC}") = "RepeatStrings", "RepeatStrings\RepeatStrings.csproj", "{A44A4152-03CD-41DD-842B-2848AC1E423C}"
EndProject
Project("{FAE04EC0-301F-11D3-BF4B-00C04F79EFBC}") = "Substring", "Substring\Substring.csproj", "{DDE19E85-8663-4298-84DD-E43B5CE39493}"
EndProject
Project("{FAE04EC0-301F-11D3-BF4B-00C04F79EFBC}") = "TextFilter", "TextFilter\TextFilter.csproj", "{6792BC04-7215-422A-AC90-0D9ED3D0C97D}"
EndProject
Project("{FAE04EC0-301F-11D3-BF4B-00C04F79EFBC}") = "DigitsLettersOthers", "DigitsLettersOthers\DigitsLettersOthers.csproj", "{31DB9D6C-6BF4-4FD4-9DD4-A07C80209979}"
EndProject
Global
	GlobalSection(SolutionConfigurationPlatforms) = preSolution
		Debug|Any CPU = Debug|Any CPU
		Release|Any CPU = Release|Any CPU
	EndGlobalSection
	GlobalSection(ProjectConfigurationPlatforms) = postSolution
		{499B2851-4E30-458F-978A-29F90610C83F}.Debug|Any CPU.ActiveCfg = Debug|Any CPU
		{499B2851-4E30-458F-978A-29F90610C83F}.Debug|Any CPU.Build.0 = Debug|Any CPU
		{499B2851-4E30-458F-978A-29F90610C83F}.Release|Any CPU.ActiveCfg = Release|Any CPU
		{499B2851-4E30-458F-978A-29F90610C83F}.Release|Any CPU.Build.0 = Release|Any CPU
		{A44A4152-03CD-41DD-842B-2848AC1E423C}.Debug|Any CPU.ActiveCfg = Debug|Any CPU
		{A44A4152-03CD-41DD-842B-2848AC1E423C}.Debug|Any CPU.Build.0 = Debug|Any CPU
		{A44A4152-03CD-41DD-842B-2848AC1E423C}.Release|Any CPU.ActiveCfg = Release|Any CPU
		{A44A4152-03CD-41DD-842B-2848AC1E423C}.Release|Any CPU.Build.0 = Release|Any CPU
		{DDE19E85-8663-4298-84DD-E43B5CE39493}.Debug|Any CPU.ActiveCfg = Debug|Any CPU
		{DDE19E85-8663-4298-84DD-E43B5CE39493}.Debug|Any CPU.Build.0 = Debug|Any CPU
		{DDE19E85-8663-4298-84DD-E43B5CE39493}.Release|Any CPU.ActiveCfg = Release|Any CPU
		{DDE19E85-8663-4298-84DD-E43B5CE39493}.Release|Any CPU.Build.0 = Release|Any CPU
		{6792BC04-7215-422A-AC90-0D9ED3D0C97D}.Debug|Any CPU.ActiveCfg = Debug|Any CPU
		{6792BC04-7215-422A-AC90-0D9ED3D0C97D}.Debug|Any CPU.Build.0 = Debug|Any CPU
		{6792BC04-7215-422A-AC90-0D9ED3D0C97D}.Release|Any CPU.ActiveCfg = Release|Any CPU
		{6792BC04-7215-422A-AC90-0D9ED3D0C97D}.Release|Any CPU.Build.0 = Release|Any CPU
		{31DB9D6C-6BF4-4FD4-9DD4-A07C80209979}.Debug|Any CPU.ActiveCfg = Debug|Any CPU
		{31DB9D6C-6BF4-4FD4-9DD4-A07C80209979}.Debug|Any CPU.Build.0 = Debug|Any CPU
		{31DB9D6C-6BF4-4FD4-9DD4-A07C80209979}.Release|Any CPU.ActiveCfg = Release|Any CPU
		{31DB9D6C-6BF4-4FD4-9DD4-A07C80209979}.Release|Any CPU.Build.0 = Release|Any CPU
	EndGlobalSection
	GlobalSection(SolutionProperties) = preSolution
		HideSolutionNode = FALSE
	EndGlobalSection
	GlobalSection(ExtensibilityGlobals) = postSolution
		SolutionGuid = {2C6F8B4B-9CD9-452B-98A4-7802E1E1228C}
	EndGlobalSection
EndGlobal
