
Microsoft Visual Studio Solution File, Format Version 12.00
# Visual Studio Version 17
VisualStudioVersion = 17.10.35013.160
MinimumVisualStudioVersion = 10.0.40219.1
Project("{FAE04EC0-301F-11D3-BF4B-00C04F79EFBC}") = "CompanyRoster", "CompanyRoster\CompanyRoster.csproj", "{384458ED-E310-44EA-BAD5-17782AA0522F}"
EndProject
Project("{FAE04EC0-301F-11D3-BF4B-00C04F79EFBC}") = "OldestFamilyMember", "OldestFamilyMember\OldestFamilyMember.csproj", "{974CFB5F-3E6C-446D-BB8A-0CD56A6A0B74}"
EndProject
Global
	GlobalSection(SolutionConfigurationPlatforms) = preSolution
		Debug|Any CPU = Debug|Any CPU
		Release|Any CPU = Release|Any CPU
	EndGlobalSection
	GlobalSection(ProjectConfigurationPlatforms) = postSolution
		{384458ED-E310-44EA-BAD5-17782AA0522F}.Debug|Any CPU.ActiveCfg = Debug|Any CPU
		{384458ED-E310-44EA-BAD5-17782AA0522F}.Debug|Any CPU.Build.0 = Debug|Any CPU
		{384458ED-E310-44EA-BAD5-17782AA0522F}.Release|Any CPU.ActiveCfg = Release|Any CPU
		{384458ED-E310-44EA-BAD5-17782AA0522F}.Release|Any CPU.Build.0 = Release|Any CPU
		{974CFB5F-3E6C-446D-BB8A-0CD56A6A0B74}.Debug|Any CPU.ActiveCfg = Debug|Any CPU
		{974CFB5F-3E6C-446D-BB8A-0CD56A6A0B74}.Debug|Any CPU.Build.0 = Debug|Any CPU
		{974CFB5F-3E6C-446D-BB8A-0CD56A6A0B74}.Release|Any CPU.ActiveCfg = Release|Any CPU
		{974CFB5F-3E6C-446D-BB8A-0CD56A6A0B74}.Release|Any CPU.Build.0 = Release|Any CPU
	EndGlobalSection
	GlobalSection(SolutionProperties) = preSolution
		HideSolutionNode = FALSE
	EndGlobalSection
	GlobalSection(ExtensibilityGlobals) = postSolution
		SolutionGuid = {3DD7F8F2-2123-4802-8CF1-434A34636481}
	EndGlobalSection
EndGlobal
