
Microsoft Visual Studio Solution File, Format Version 12.00
# Visual Studio Version 17
VisualStudioVersion = 17.9.34607.119
MinimumVisualStudioVersion = 10.0.40219.1
Project("{9A19103F-16F7-4668-BE54-9A1E7A4F7556}") = "Padawan Equipment", "Padawan Equipment\Padawan Equipment.csproj", "{0B0A1F22-641B-4FE1-A4CC-8441742BB0A6}"
EndProject
Project("{9A19103F-16F7-4668-BE54-9A1E7A4F7556}") = "Rage Expenses", "Rage Expenses\Rage Expenses.csproj", "{EF226F7D-99B3-444B-B048-B6E78E3E6265}"
EndProject
Project("{9A19103F-16F7-4668-BE54-9A1E7A4F7556}") = "Orders", "Orders\Orders.csproj", "{83B404B3-B31C-4CB2-911B-7772F10ED010}"
EndProject
Project("{9A19103F-16F7-4668-BE54-9A1E7A4F7556}") = "Spice Must Flow", "Spice Must Flow\Spice Must Flow.csproj", "{85FF46D3-1B01-47DF-A8A1-77AD8C7A7224}"
EndProject
Project("{9A19103F-16F7-4668-BE54-9A1E7A4F7556}") = "Pokemon", "Pokemon\Pokemon.csproj", "{381E40F6-5CD1-41CC-A71D-70B9FCE673E8}"
EndProject
Project("{9A19103F-16F7-4668-BE54-9A1E7A4F7556}") = "Snowballs", "Snowballs\Snowballs.csproj", "{40F36154-D6F2-4C43-82CE-AFB6D8AE4F64}"
EndProject
Project("{9A19103F-16F7-4668-BE54-9A1E7A4F7556}") = "Kamino Factory", "Kamino Factory\Kamino Factory.csproj", "{9DEEF34F-F0C5-4054-A373-47944AE75E2A}"
EndProject
Project("{9A19103F-16F7-4668-BE54-9A1E7A4F7556}") = "LadyBugs", "LadyBugs\LadyBugs.csproj", "{E83CF973-3F9C-4B06-8333-6E2F16FDF6E1}"
EndProject
Project("{FAE04EC0-301F-11D3-BF4B-00C04F79EFBC}") = "Array Manipulator", "Array Manipulator\Array Manipulator.csproj", "{14475BA8-0921-4F15-BAC7-C9DFCE0A38B6}"
EndProject
Project("{FAE04EC0-301F-11D3-BF4B-00C04F79EFBC}") = "Letters Change Numbers", "Letters Change Numbers\Letters Change Numbers.csproj", "{6992619C-479A-41DB-9DE4-2AD06C26A78B}"
EndProject
Global
	GlobalSection(SolutionConfigurationPlatforms) = preSolution
		Debug|Any CPU = Debug|Any CPU
		Release|Any CPU = Release|Any CPU
	EndGlobalSection
	GlobalSection(ProjectConfigurationPlatforms) = postSolution
		{0B0A1F22-641B-4FE1-A4CC-8441742BB0A6}.Debug|Any CPU.ActiveCfg = Debug|Any CPU
		{0B0A1F22-641B-4FE1-A4CC-8441742BB0A6}.Debug|Any CPU.Build.0 = Debug|Any CPU
		{0B0A1F22-641B-4FE1-A4CC-8441742BB0A6}.Release|Any CPU.ActiveCfg = Release|Any CPU
		{0B0A1F22-641B-4FE1-A4CC-8441742BB0A6}.Release|Any CPU.Build.0 = Release|Any CPU
		{EF226F7D-99B3-444B-B048-B6E78E3E6265}.Debug|Any CPU.ActiveCfg = Debug|Any CPU
		{EF226F7D-99B3-444B-B048-B6E78E3E6265}.Debug|Any CPU.Build.0 = Debug|Any CPU
		{EF226F7D-99B3-444B-B048-B6E78E3E6265}.Release|Any CPU.ActiveCfg = Release|Any CPU
		{EF226F7D-99B3-444B-B048-B6E78E3E6265}.Release|Any CPU.Build.0 = Release|Any CPU
		{83B404B3-B31C-4CB2-911B-7772F10ED010}.Debug|Any CPU.ActiveCfg = Debug|Any CPU
		{83B404B3-B31C-4CB2-911B-7772F10ED010}.Debug|Any CPU.Build.0 = Debug|Any CPU
		{83B404B3-B31C-4CB2-911B-7772F10ED010}.Release|Any CPU.ActiveCfg = Release|Any CPU
		{83B404B3-B31C-4CB2-911B-7772F10ED010}.Release|Any CPU.Build.0 = Release|Any CPU
		{85FF46D3-1B01-47DF-A8A1-77AD8C7A7224}.Debug|Any CPU.ActiveCfg = Debug|Any CPU
		{85FF46D3-1B01-47DF-A8A1-77AD8C7A7224}.Debug|Any CPU.Build.0 = Debug|Any CPU
		{85FF46D3-1B01-47DF-A8A1-77AD8C7A7224}.Release|Any CPU.ActiveCfg = Release|Any CPU
		{85FF46D3-1B01-47DF-A8A1-77AD8C7A7224}.Release|Any CPU.Build.0 = Release|Any CPU
		{381E40F6-5CD1-41CC-A71D-70B9FCE673E8}.Debug|Any CPU.ActiveCfg = Debug|Any CPU
		{381E40F6-5CD1-41CC-A71D-70B9FCE673E8}.Debug|Any CPU.Build.0 = Debug|Any CPU
		{381E40F6-5CD1-41CC-A71D-70B9FCE673E8}.Release|Any CPU.ActiveCfg = Release|Any CPU
		{381E40F6-5CD1-41CC-A71D-70B9FCE673E8}.Release|Any CPU.Build.0 = Release|Any CPU
		{40F36154-D6F2-4C43-82CE-AFB6D8AE4F64}.Debug|Any CPU.ActiveCfg = Debug|Any CPU
		{40F36154-D6F2-4C43-82CE-AFB6D8AE4F64}.Debug|Any CPU.Build.0 = Debug|Any CPU
		{40F36154-D6F2-4C43-82CE-AFB6D8AE4F64}.Release|Any CPU.ActiveCfg = Release|Any CPU
		{40F36154-D6F2-4C43-82CE-AFB6D8AE4F64}.Release|Any CPU.Build.0 = Release|Any CPU
		{9DEEF34F-F0C5-4054-A373-47944AE75E2A}.Debug|Any CPU.ActiveCfg = Debug|Any CPU
		{9DEEF34F-F0C5-4054-A373-47944AE75E2A}.Debug|Any CPU.Build.0 = Debug|Any CPU
		{9DEEF34F-F0C5-4054-A373-47944AE75E2A}.Release|Any CPU.ActiveCfg = Release|Any CPU
		{9DEEF34F-F0C5-4054-A373-47944AE75E2A}.Release|Any CPU.Build.0 = Release|Any CPU
		{E83CF973-3F9C-4B06-8333-6E2F16FDF6E1}.Debug|Any CPU.ActiveCfg = Debug|Any CPU
		{E83CF973-3F9C-4B06-8333-6E2F16FDF6E1}.Debug|Any CPU.Build.0 = Debug|Any CPU
		{E83CF973-3F9C-4B06-8333-6E2F16FDF6E1}.Release|Any CPU.ActiveCfg = Release|Any CPU
		{E83CF973-3F9C-4B06-8333-6E2F16FDF6E1}.Release|Any CPU.Build.0 = Release|Any CPU
		{14475BA8-0921-4F15-BAC7-C9DFCE0A38B6}.Debug|Any CPU.ActiveCfg = Debug|Any CPU
		{14475BA8-0921-4F15-BAC7-C9DFCE0A38B6}.Debug|Any CPU.Build.0 = Debug|Any CPU
		{14475BA8-0921-4F15-BAC7-C9DFCE0A38B6}.Release|Any CPU.ActiveCfg = Release|Any CPU
		{14475BA8-0921-4F15-BAC7-C9DFCE0A38B6}.Release|Any CPU.Build.0 = Release|Any CPU
		{6992619C-479A-41DB-9DE4-2AD06C26A78B}.Debug|Any CPU.ActiveCfg = Debug|Any CPU
		{6992619C-479A-41DB-9DE4-2AD06C26A78B}.Debug|Any CPU.Build.0 = Debug|Any CPU
		{6992619C-479A-41DB-9DE4-2AD06C26A78B}.Release|Any CPU.ActiveCfg = Release|Any CPU
		{6992619C-479A-41DB-9DE4-2AD06C26A78B}.Release|Any CPU.Build.0 = Release|Any CPU
	EndGlobalSection
	GlobalSection(SolutionProperties) = preSolution
		HideSolutionNode = FALSE
	EndGlobalSection
	GlobalSection(ExtensibilityGlobals) = postSolution
		SolutionGuid = {75B3BDFC-252A-470F-B0F7-A8B7D66B9887}
	EndGlobalSection
EndGlobal
